<?xml version="1.0" encoding="utf-8"?>
<Project ToolsVersion="4.0" xmlns="http://schemas.microsoft.com/developer/msbuild/2003">
  <ItemGroup>
    <Filter Include="Source Files">
      <UniqueIdentifier>{4FC737F1-C7A5-4376-A066-2A32D752A2FF}</UniqueIdentifier>
      <Extensions>cpp;c;cc;cxx;def;odl;idl;hpj;bat;asm;asmx</Extensions>
    </Filter>
    <Filter Include="Header Files">
      <UniqueIdentifier>{93995380-89BD-4b04-88EB-625FBE52EBFB}</UniqueIdentifier>
      <Extensions>h;hh;hpp;hxx;hm;inl;inc;xsd</Extensions>
    </Filter>
    <Filter Include="Resource Files">
      <UniqueIdentifier>{67DA6AB6-F800-4c08-8B7A-83BB121AAD01}</UniqueIdentifier>
      <Extensions>rc;ico;cur;bmp;dlg;rc2;rct;bin;rgs;gif;jpg;jpeg;jpe;resx;tiff;tif;png;wav;mfcribbon-ms</Extensions>
    </Filter>
    <Filter Include="Header Files\Base">
      <UniqueIdentifier>{f1d8ffdb-3f2c-4997-82e4-a8fe54cbd9ad}</UniqueIdentifier>
    </Filter>
    <Filter Include="Source Files\Base">
      <UniqueIdentifier>{671f36a1-0b7e-4eec-945d-b3c149d5705f}</UniqueIdentifier>
    </Filter>
    <Filter Include="Header Files\Base\Util">
      <UniqueIdentifier>{b26061c7-4ef0-4d6d-bdee-78c1b3c20af5}</UniqueIdentifier>
    </Filter>
    <Filter Include="Source Files\Base\Util">
      <UniqueIdentifier>{44ff954b-e206-43ec-8283-ea9e219400fd}</UniqueIdentifier>
    </Filter>
    <Filter Include="Header Files\Base\Game">
      <UniqueIdentifier>{8abb920e-1097-440f-b181-a7ae048668c7}</UniqueIdentifier>
    </Filter>
    <Filter Include="Source Files\Base\Game">
      <UniqueIdentifier>{91fb34d5-617e-4029-b72c-7ff7b763bcf9}</UniqueIdentifier>
    </Filter>
    <Filter Include="Source Files\Base\Game\Objects">
      <UniqueIdentifier>{a26eb1ff-d2a5-4258-ba43-82ba3ee0f69b}</UniqueIdentifier>
    </Filter>
    <Filter Include="Source Files\Base\Game\Objects\GameObjects">
      <UniqueIdentifier>{9166de85-c26a-4237-802f-df769cdc4618}</UniqueIdentifier>
    </Filter>
    <Filter Include="Source Files\Base\Game\Objects\DataObjects">
      <UniqueIdentifier>{8797d88b-753c-410d-83a0-738d435ed8bd}</UniqueIdentifier>
    </Filter>
    <Filter Include="Header Files\Base\Game\Objects">
      <UniqueIdentifier>{622b5f96-9335-4980-b2b5-5aa3bae56da0}</UniqueIdentifier>
    </Filter>
    <Filter Include="Header Files\Base\Game\Objects\GameObjects">
      <UniqueIdentifier>{649b4926-528e-4436-a057-25569e6cb605}</UniqueIdentifier>
    </Filter>
    <Filter Include="Header Files\Base\Game\Objects\DataObjects">
      <UniqueIdentifier>{52de9784-327d-41ff-b884-fed5cf3d2ebf}</UniqueIdentifier>
    </Filter>
  </ItemGroup>
  <ItemGroup>
    <ClInclude Include="stdafx.h">
      <Filter>Header Files</Filter>
    </ClInclude>
    <ClInclude Include="targetver.h">
      <Filter>Header Files</Filter>
    </ClInclude>
    <ClInclude Include="GameObject.h">
      <Filter>Header Files\Base\Game\Objects\GameObjects</Filter>
    </ClInclude>
    <ClInclude Include="GameObjectFactory.h">
      <Filter>Header Files\Base\Game\Objects\GameObjects</Filter>
    </ClInclude>
    <ClInclude Include="MVector.h">
      <Filter>Header Files\Base\Util</Filter>
    </ClInclude>
    <ClInclude Include="Game.h">
      <Filter>Header Files\Base\Game</Filter>
    </ClInclude>
    <ClInclude Include="Settings.h">
      <Filter>Header Files\Base\Game</Filter>
    </ClInclude>
    <ClInclude Include="Controller.h">
      <Filter>Header Files\Base\Game</Filter>
    </ClInclude>
    <ClInclude Include="DataObject.h">
      <Filter>Header Files\Base\Game\Objects\DataObjects</Filter>
    </ClInclude>
    <ClInclude Include="Updater.h">
      <Filter>Header Files\Base\Game\Objects</Filter>
    </ClInclude>
    <ClInclude Include="Scene.h">
      <Filter>Header Files\Base\Game\Objects</Filter>
    </ClInclude>
    <ClInclude Include="ActionQueue.h">
      <Filter>Header Files\Base\Game\Objects</Filter>
    </ClInclude>
    <ClInclude Include="Components.h">
      <Filter>Header Files\Base\Game\Objects</Filter>
    </ClInclude>
    <ClInclude Include="Action.h">
      <Filter>Header Files\Base\Game\Objects</Filter>
    </ClInclude>
    <ClInclude Include="Camera.h">
      <Filter>Header Files\Base\Game</Filter>
    </ClInclude>
    <ClInclude Include="MSF.h">
      <Filter>Header Files\Base</Filter>
    </ClInclude>
  </ItemGroup>
  <ItemGroup>
    <ClCompile Include="stdafx.cpp">
      <Filter>Source Files</Filter>
    </ClCompile>
    <ClCompile Include="GameObjectFactory.cpp">
      <Filter>Source Files\Base\Game\Objects\GameObjects</Filter>
    </ClCompile>
    <ClCompile Include="GameObject.cpp">
      <Filter>Source Files\Base\Game\Objects\GameObjects</Filter>
    </ClCompile>
    <ClCompile Include="MVector.cpp">
      <Filter>Source Files\Base\Util</Filter>
    </ClCompile>
    <ClCompile Include="Game.cpp">
      <Filter>Source Files\Base\Game</Filter>
    </ClCompile>
    <ClCompile Include="Settings.cpp">
      <Filter>Source Files\Base\Game</Filter>
    </ClCompile>
    <ClCompile Include="DataObject.cpp">
      <Filter>Source Files\Base\Game\Objects\DataObjects</Filter>
    </ClCompile>
    <ClCompile Include="Updater.cpp">
      <Filter>Source Files\Base\Game\Objects</Filter>
    </ClCompile>
    <ClCompile Include="Scene.cpp">
      <Filter>Source Files\Base\Game\Objects</Filter>
    </ClCompile>
    <ClCompile Include="Camera.cpp">
      <Filter>Source Files\Base\Game</Filter>
    </ClCompile>
  </ItemGroup>
</Project>